
Microsoft Visual Studio Solution File, Format Version 12.00
# Visual Studio Version 17
VisualStudioVersion = 17.12.35527.113 d17.12
MinimumVisualStudioVersion = 10.0.40219.1
Project("{FAE04EC0-301F-11D3-BF4B-00C04F79EFBC}") = "SL.Core", "SL.Core\SL.Core.csproj", "{5BB7B239-CF3A-4E6F-9D9D-D6431EB50C11}"
EndProject
Project("{FAE04EC0-301F-11D3-BF4B-00C04F79EFBC}") = "SL.Application", "SL.Application\SL.Application.csproj", "{C43B48DC-415D-4AFA-864A-DCC9E4F03CD8}"
EndProject
Project("{FAE04EC0-301F-11D3-BF4B-00C04F79EFBC}") = "SL.Bussines", "SL.Bussines\SL.Bussines.csproj", "{68B3A499-A9D7-4402-87B3-DA6E89642F0C}"
EndProject
Project("{FAE04EC0-301F-11D3-BF4B-00C04F79EFBC}") = "SL.Endpoints", "SL.Endpoints\SL.Endpoints.csproj", "{1F7F3D44-7D4A-48B8-9648-575C6BB2F388}"
EndProject
Global
	GlobalSection(SolutionConfigurationPlatforms) = preSolution
		Debug|Any CPU = Debug|Any CPU
		Release|Any CPU = Release|Any CPU
	EndGlobalSection
	GlobalSection(ProjectConfigurationPlatforms) = postSolution
		{5BB7B239-CF3A-4E6F-9D9D-D6431EB50C11}.Debug|Any CPU.ActiveCfg = Debug|Any CPU
		{5BB7B239-CF3A-4E6F-9D9D-D6431EB50C11}.Debug|Any CPU.Build.0 = Debug|Any CPU
		{5BB7B239-CF3A-4E6F-9D9D-D6431EB50C11}.Release|Any CPU.ActiveCfg = Release|Any CPU
		{5BB7B239-CF3A-4E6F-9D9D-D6431EB50C11}.Release|Any CPU.Build.0 = Release|Any CPU
		{C43B48DC-415D-4AFA-864A-DCC9E4F03CD8}.Debug|Any CPU.ActiveCfg = Debug|Any CPU
		{C43B48DC-415D-4AFA-864A-DCC9E4F03CD8}.Debug|Any CPU.Build.0 = Debug|Any CPU
		{C43B48DC-415D-4AFA-864A-DCC9E4F03CD8}.Release|Any CPU.ActiveCfg = Release|Any CPU
		{C43B48DC-415D-4AFA-864A-DCC9E4F03CD8}.Release|Any CPU.Build.0 = Release|Any CPU
		{68B3A499-A9D7-4402-87B3-DA6E89642F0C}.Debug|Any CPU.ActiveCfg = Debug|Any CPU
		{68B3A499-A9D7-4402-87B3-DA6E89642F0C}.Debug|Any CPU.Build.0 = Debug|Any CPU
		{68B3A499-A9D7-4402-87B3-DA6E89642F0C}.Release|Any CPU.ActiveCfg = Release|Any CPU
		{68B3A499-A9D7-4402-87B3-DA6E89642F0C}.Release|Any CPU.Build.0 = Release|Any CPU
		{1F7F3D44-7D4A-48B8-9648-575C6BB2F388}.Debug|Any CPU.ActiveCfg = Debug|Any CPU
		{1F7F3D44-7D4A-48B8-9648-575C6BB2F388}.Debug|Any CPU.Build.0 = Debug|Any CPU
		{1F7F3D44-7D4A-48B8-9648-575C6BB2F388}.Release|Any CPU.ActiveCfg = Release|Any CPU
		{1F7F3D44-7D4A-48B8-9648-575C6BB2F388}.Release|Any CPU.Build.0 = Release|Any CPU
	EndGlobalSection
	GlobalSection(SolutionProperties) = preSolution
		HideSolutionNode = FALSE
	EndGlobalSection
EndGlobal
